
Microsoft Visual Studio Solution File, Format Version 12.00
# Visual Studio Version 16
VisualStudioVersion = 16.0.29920.165
MinimumVisualStudioVersion = 10.0.40219.1
Project("{FAE04EC0-301F-11D3-BF4B-00C04F79EFBC}") = "AnimatedStackPanelSample", "AnimatedStackPanelSample.csproj", "{8E73540C-EBA9-4B34-895E-3D4BBC94DC89}"
EndProject
Global
	GlobalSection(SolutionConfigurationPlatforms) = preSolution
		Debug|Any CPU = Debug|Any CPU
		Release|Any CPU = Release|Any CPU
	EndGlobalSection
	GlobalSection(ProjectConfigurationPlatforms) = postSolution
		{8E73540C-EBA9-4B34-895E-3D4BBC94DC89}.Debug|Any CPU.ActiveCfg = Debug|Any CPU
		{8E73540C-EBA9-4B34-895E-3D4BBC94DC89}.Debug|Any CPU.Build.0 = Debug|Any CPU
		{8E73540C-EBA9-4B34-895E-3D4BBC94DC89}.Release|Any CPU.ActiveCfg = Release|Any CPU
		{8E73540C-EBA9-4B34-895E-3D4BBC94DC89}.Release|Any CPU.Build.0 = Release|Any CPU
	EndGlobalSection
	GlobalSection(SolutionProperties) = preSolution
		HideSolutionNode = FALSE
	EndGlobalSection
	GlobalSection(ExtensibilityGlobals) = postSolution
		SolutionGuid = {F8A08305-169E-46B2-911D-91C580ECCF89}
	EndGlobalSection
EndGlobal
